
Microsoft Visual Studio Solution File, Format Version 12.00
# Visual Studio Version 17
VisualStudioVersion = 17.14.36811.4 d17.14
MinimumVisualStudioVersion = 10.0.40219.1
Project("{FAE04EC0-301F-11D3-BF4B-00C04F79EFBC}") = "PmServiceNetCode", "PmServiceNetCode\PmServiceNetCode.csproj", "{694F0908-76DF-2E30-130C-6AB789D53DDD}"
EndProject
Project("{FAE04EC0-301F-11D3-BF4B-00C04F79EFBC}") = "PmServiceNetCore.Tests", "PmServiceNetCoreTestProject\PmServiceNetCore.Tests.csproj", "{AF16E535-C3EF-B87B-9662-644D0C9B7940}"
EndProject
Global
	GlobalSection(SolutionConfigurationPlatforms) = preSolution
		Debug|Any CPU = Debug|Any CPU
		Release|Any CPU = Release|Any CPU
	EndGlobalSection
	GlobalSection(ProjectConfigurationPlatforms) = postSolution
		{694F0908-76DF-2E30-130C-6AB789D53DDD}.Debug|Any CPU.ActiveCfg = Debug|Any CPU
		{694F0908-76DF-2E30-130C-6AB789D53DDD}.Debug|Any CPU.Build.0 = Debug|Any CPU
		{694F0908-76DF-2E30-130C-6AB789D53DDD}.Release|Any CPU.ActiveCfg = Release|Any CPU
		{694F0908-76DF-2E30-130C-6AB789D53DDD}.Release|Any CPU.Build.0 = Release|Any CPU
		{AF16E535-C3EF-B87B-9662-644D0C9B7940}.Debug|Any CPU.ActiveCfg = Debug|Any CPU
		{AF16E535-C3EF-B87B-9662-644D0C9B7940}.Debug|Any CPU.Build.0 = Debug|Any CPU
		{AF16E535-C3EF-B87B-9662-644D0C9B7940}.Release|Any CPU.ActiveCfg = Release|Any CPU
		{AF16E535-C3EF-B87B-9662-644D0C9B7940}.Release|Any CPU.Build.0 = Release|Any CPU
	EndGlobalSection
	GlobalSection(SolutionProperties) = preSolution
		HideSolutionNode = FALSE
	EndGlobalSection
	GlobalSection(ExtensibilityGlobals) = postSolution
		SolutionGuid = {92EE01A0-B0D3-4AB5-B6A9-E77BA0A08BF1}
	EndGlobalSection
EndGlobal
